// !$*UTF8*$!
{
	archiveVersion = 1;
	classes = {
	};
	objectVersion = 50;
	objects = {

/* Begin PBXBuildFile section */
		343B6B2A2309D7AC00011E33 /* AppDelegate.swift in Sources */ = {isa = PBXBuildFile; fileRef = 343B6B292309D7AC00011E33 /* AppDelegate.swift */; };
		343B6B2C2309D7AC00011E33 /* ProgrammaticViewController.swift in Sources */ = {isa = PBXBuildFile; fileRef = 343B6B2B2309D7AC00011E33 /* ProgrammaticViewController.swift */; };
		343B6B2F2309D7AC00011E33 /* Main.storyboard in Resources */ = {isa = PBXBuildFile; fileRef = 343B6B2D2309D7AC00011E33 /* Main.storyboard */; };
		343B6B312309D7AD00011E33 /* Assets.xcassets in Resources */ = {isa = PBXBuildFile; fileRef = 343B6B302309D7AD00011E33 /* Assets.xcassets */; };
		343B6B342309D7AD00011E33 /* LaunchScreen.storyboard in Resources */ = {isa = PBXBuildFile; fileRef = 343B6B322309D7AD00011E33 /* LaunchScreen.storyboard */; };
		343B6B482309D84C00011E33 /* CardSwipe.framework in Frameworks */ = {isa = PBXBuildFile; fileRef = 343B6B472309D84C00011E33 /* CardSwipe.framework */; };
		343B6B492309D84C00011E33 /* CardSwipe.framework in Embed Frameworks */ = {isa = PBXBuildFile; fileRef = 343B6B472309D84C00011E33 /* CardSwipe.framework */; settings = {ATTRIBUTES = (CodeSignOnCopy, RemoveHeadersOnCopy, ); }; };
		34CFCA1E231D8F8500088F48 /* StoryboardViewController.swift in Sources */ = {isa = PBXBuildFile; fileRef = 34CFCA1D231D8F8500088F48 /* StoryboardViewController.swift */; };
		34EDE02F231DB4160064AF21 /* ProgrammaticSampleCard.swift in Sources */ = {isa = PBXBuildFile; fileRef = 34EDE02E231DB4160064AF21 /* ProgrammaticSampleCard.swift */; };
		34EDE031231DBDBC0064AF21 /* NibSampleCard.xib in Resources */ = {isa = PBXBuildFile; fileRef = 34EDE030231DBDBC0064AF21 /* NibSampleCard.xib */; };
		34EDE033231DBE120064AF21 /* NibSampleCard.swift in Sources */ = {isa = PBXBuildFile; fileRef = 34EDE032231DBE120064AF21 /* NibSampleCard.swift */; };
/* End PBXBuildFile section */

/* Begin PBXCopyFilesBuildPhase section */
		343B6B4A2309D84C00011E33 /* Embed Frameworks */ = {
			isa = PBXCopyFilesBuildPhase;
			buildActionMask = 2147483647;
			dstPath = "";
			dstSubfolderSpec = 10;
			files = (
				343B6B492309D84C00011E33 /* CardSwipe.framework in Embed Frameworks */,
			);
			name = "Embed Frameworks";
			runOnlyForDeploymentPostprocessing = 0;
		};
/* End PBXCopyFilesBuildPhase section */

/* Begin PBXFileReference section */
		343B6B262309D7AC00011E33 /* CardSwipeSamples.app */ = {isa = PBXFileReference; explicitFileType = wrapper.application; includeInIndex = 0; path = CardSwipeSamples.app; sourceTree = BUILT_PRODUCTS_DIR; };
		343B6B292309D7AC00011E33 /* AppDelegate.swift */ = {isa = PBXFileReference; lastKnownFileType = sourcecode.swift; path = AppDelegate.swift; sourceTree = "<group>"; };
		343B6B2B2309D7AC00011E33 /* ProgrammaticViewController.swift */ = {isa = PBXFileReference; lastKnownFileType = sourcecode.swift; path = ProgrammaticViewController.swift; sourceTree = "<group>"; };
		343B6B2E2309D7AC00011E33 /* Base */ = {isa = PBXFileReference; lastKnownFileType = file.storyboard; name = Base; path = Base.lproj/Main.storyboard; sourceTree = "<group>"; };
		343B6B302309D7AD00011E33 /* Assets.xcassets */ = {isa = PBXFileReference; lastKnownFileType = folder.assetcatalog; path = Assets.xcassets; sourceTree = "<group>"; };
		343B6B332309D7AD00011E33 /* Base */ = {isa = PBXFileReference; lastKnownFileType = file.storyboard; name = Base; path = Base.lproj/LaunchScreen.storyboard; sourceTree = "<group>"; };
		343B6B352309D7AD00011E33 /* Info.plist */ = {isa = PBXFileReference; lastKnownFileType = text.plist.xml; path = Info.plist; sourceTree = "<group>"; };
		343B6B472309D84C00011E33 /* CardSwipe.framework */ = {isa = PBXFileReference; explicitFileType = wrapper.framework; path = CardSwipe.framework; sourceTree = BUILT_PRODUCTS_DIR; };
		34CFCA1D231D8F8500088F48 /* StoryboardViewController.swift */ = {isa = PBXFileReference; lastKnownFileType = sourcecode.swift; path = StoryboardViewController.swift; sourceTree = "<group>"; };
		34EDE02E231DB4160064AF21 /* ProgrammaticSampleCard.swift */ = {isa = PBXFileReference; lastKnownFileType = sourcecode.swift; path = ProgrammaticSampleCard.swift; sourceTree = "<group>"; };
		34EDE030231DBDBC0064AF21 /* NibSampleCard.xib */ = {isa = PBXFileReference; lastKnownFileType = file.xib; path = NibSampleCard.xib; sourceTree = "<group>"; };
		34EDE032231DBE120064AF21 /* NibSampleCard.swift */ = {isa = PBXFileReference; lastKnownFileType = sourcecode.swift; path = NibSampleCard.swift; sourceTree = "<group>"; };
/* End PBXFileReference section */

/* Begin PBXFrameworksBuildPhase section */
		343B6B232309D7AC00011E33 /* Frameworks */ = {
			isa = PBXFrameworksBuildPhase;
			buildActionMask = 2147483647;
			files = (
				343B6B482309D84C00011E33 /* CardSwipe.framework in Frameworks */,
			);
			runOnlyForDeploymentPostprocessing = 0;
		};
/* End PBXFrameworksBuildPhase section */

/* Begin PBXGroup section */
		343B6B1D2309D7AC00011E33 = {
			isa = PBXGroup;
			children = (
				343B6B472309D84C00011E33 /* CardSwipe.framework */,
				343B6B282309D7AC00011E33 /* CardSwipeSamples */,
				343B6B272309D7AC00011E33 /* Products */,
			);
			sourceTree = "<group>";
		};
		343B6B272309D7AC00011E33 /* Products */ = {
			isa = PBXGroup;
			children = (
				343B6B262309D7AC00011E33 /* CardSwipeSamples.app */,
			);
			name = Products;
			sourceTree = "<group>";
		};
		343B6B282309D7AC00011E33 /* CardSwipeSamples */ = {
			isa = PBXGroup;
			children = (
				343B6B292309D7AC00011E33 /* AppDelegate.swift */,
				343B6B2B2309D7AC00011E33 /* ProgrammaticViewController.swift */,
				34CFCA1D231D8F8500088F48 /* StoryboardViewController.swift */,
				34EDE02E231DB4160064AF21 /* ProgrammaticSampleCard.swift */,
				34EDE030231DBDBC0064AF21 /* NibSampleCard.xib */,
				34EDE032231DBE120064AF21 /* NibSampleCard.swift */,
				343B6B2D2309D7AC00011E33 /* Main.storyboard */,
				343B6B302309D7AD00011E33 /* Assets.xcassets */,
				343B6B322309D7AD00011E33 /* LaunchScreen.storyboard */,
				343B6B352309D7AD00011E33 /* Info.plist */,
			);
			path = CardSwipeSamples;
			sourceTree = "<group>";
		};
/* End PBXGroup section */

/* Begin PBXNativeTarget section */
		343B6B252309D7AC00011E33 /* CardSwipeSamples */ = {
			isa = PBXNativeTarget;
			buildConfigurationList = 343B6B382309D7AD00011E33 /* Build configuration list for PBXNativeTarget "CardSwipeSamples" */;
			buildPhases = (
				343B6B222309D7AC00011E33 /* Sources */,
				343B6B232309D7AC00011E33 /* Frameworks */,
				343B6B242309D7AC00011E33 /* Resources */,
				343B6B4A2309D84C00011E33 /* Embed Frameworks */,
			);
			buildRules = (
			);
			dependencies = (
			);
			name = CardSwipeSamples;
			productName = CardSwipeSamples;
			productReference = 343B6B262309D7AC00011E33 /* CardSwipeSamples.app */;
			productType = "com.apple.product-type.application";
		};
/* End PBXNativeTarget section */

/* Begin PBXProject section */
		343B6B1E2309D7AC00011E33 /* Project object */ = {
			isa = PBXProject;
			attributes = {
				LastSwiftUpdateCheck = 1030;
				LastUpgradeCheck = 1030;
				ORGANIZATIONNAME = "Dillon McElhinney";
				TargetAttributes = {
					343B6B252309D7AC00011E33 = {
						CreatedOnToolsVersion = 10.3;
					};
				};
			};
			buildConfigurationList = 343B6B212309D7AC00011E33 /* Build configuration list for PBXProject "CardSwipeSamples" */;
			compatibilityVersion = "Xcode 9.3";
			developmentRegion = en;
			hasScannedForEncodings = 0;
			knownRegions = (
				en,
				Base,
			);
			mainGroup = 343B6B1D2309D7AC00011E33;
			productRefGroup = 343B6B272309D7AC00011E33 /* Products */;
			projectDirPath = "";
			projectRoot = "";
			targets = (
				343B6B252309D7AC00011E33 /* CardSwipeSamples */,
			);
		};
/* End PBXProject section */

/* Begin PBXResourcesBuildPhase section */
		343B6B242309D7AC00011E33 /* Resources */ = {
			isa = PBXResourcesBuildPhase;
			buildActionMask = 2147483647;
			files = (
				343B6B342309D7AD00011E33 /* LaunchScreen.storyboard in Resources */,
				343B6B312309D7AD00011E33 /* Assets.xcassets in Resources */,
				343B6B2F2309D7AC00011E33 /* Main.storyboard in Resources */,
				34EDE031231DBDBC0064AF21 /* NibSampleCard.xib in Resources */,
			);
			runOnlyForDeploymentPostprocessing = 0;
		};
/* End PBXResourcesBuildPhase section */

/* Begin PBXSourcesBuildPhase section */
		343B6B222309D7AC00011E33 /* Sources */ = {
			isa = PBXSourcesBuildPhase;
			buildActionMask = 2147483647;
			files = (
				34CFCA1E231D8F8500088F48 /* StoryboardViewController.swift in Sources */,
				34EDE033231DBE120064AF21 /* NibSampleCard.swift in Sources */,
				34EDE02F231DB4160064AF21 /* ProgrammaticSampleCard.swift in Sources */,
				343B6B2C2309D7AC00011E33 /* ProgrammaticViewController.swift in Sources */,
				343B6B2A2309D7AC00011E33 /* AppDelegate.swift in Sources */,
			);
			runOnlyForDeploymentPostprocessing = 0;
		};
/* End PBXSourcesBuildPhase section */

/* Begin PBXVariantGroup section */
		343B6B2D2309D7AC00011E33 /* Main.storyboard */ = {
			isa = PBXVariantGroup;
			children = (
				343B6B2E2309D7AC00011E33 /* Base */,
			);
			name = Main.storyboard;
			sourceTree = "<group>";
		};
		343B6B322309D7AD00011E33 /* LaunchScreen.storyboard */ = {
			isa = PBXVariantGroup;
			children = (
				343B6B332309D7AD00011E33 /* Base */,
			);
			name = LaunchScreen.storyboard;
			sourceTree = "<group>";
		};
/* End PBXVariantGroup section */

/* Begin XCBuildConfiguration section */
		343B6B362309D7AD00011E33 /* Debug */ = {
			isa = XCBuildConfiguration;
			buildSettings = {
				ALWAYS_SEARCH_USER_PATHS = NO;
				CLANG_ANALYZER_NONNULL = YES;
				CLANG_ANALYZER_NUMBER_OBJECT_CONVERSION = YES_AGGRESSIVE;
				CLANG_CXX_LANGUAGE_STANDARD = "gnu++14";
				CLANG_CXX_LIBRARY = "libc++";
				CLANG_ENABLE_MODULES = YES;
				CLANG_ENABLE_OBJC_ARC = YES;
				CLANG_ENABLE_OBJC_WEAK = YES;
				CLANG_WARN_BLOCK_CAPTURE_AUTORELEASING = YES;
				CLANG_WARN_BOOL_CONVERSION = YES;
				CLANG_WARN_COMMA = YES;
				CLANG_WARN_CONSTANT_CONVERSION = YES;
				CLANG_WARN_DEPRECATED_OBJC_IMPLEMENTATIONS = YES;
				CLANG_WARN_DIRECT_OBJC_ISA_USAGE = YES_ERROR;
				CLANG_WARN_DOCUMENTATION_COMMENTS = YES;
				CLANG_WARN_EMPTY_BODY = YES;
				CLANG_WARN_ENUM_CONVERSION = YES;
				CLANG_WARN_INFINITE_RECURSION = YES;
				CLANG_WARN_INT_CONVERSION = YES;
				CLANG_WARN_NON_LITERAL_NULL_CONVERSION = YES;
				CLANG_WARN_OBJC_IMPLICIT_RETAIN_SELF = YES;
				CLANG_WARN_OBJC_LITERAL_CONVERSION = YES;
				CLANG_WARN_OBJC_ROOT_CLASS = YES_ERROR;
				CLANG_WARN_RANGE_LOOP_ANALYSIS = YES;
				CLANG_WARN_STRICT_PROTOTYPES = YES;
				CLANG_WARN_SUSPICIOUS_MOVE = YES;
				CLANG_WARN_UNGUARDED_AVAILABILITY = YES_AGGRESSIVE;
				CLANG_WARN_UNREACHABLE_CODE = YES;
				CLANG_WARN__DUPLICATE_METHOD_MATCH = YES;
				CODE_SIGN_IDENTITY = "iPhone Developer";
				COPY_PHASE_STRIP = NO;
				DEBUG_INFORMATION_FORMAT = dwarf;
				ENABLE_STRICT_OBJC_MSGSEND = YES;
				ENABLE_TESTABILITY = YES;
				GCC_C_LANGUAGE_STANDARD = gnu11;
				GCC_DYNAMIC_NO_PIC = NO;
				GCC_NO_COMMON_BLOCKS = YES;
				GCC_OPTIMIZATION_LEVEL = 0;
				GCC_PREPROCESSOR_DEFINITIONS = (
					"DEBUG=1",
					"$(inherited)",
				);
				GCC_WARN_64_TO_32_BIT_CONVERSION = YES;
				GCC_WARN_ABOUT_RETURN_TYPE = YES_ERROR;
				GCC_WARN_UNDECLARED_SELECTOR = YES;
				GCC_WARN_UNINITIALIZED_AUTOS = YES_AGGRESSIVE;
				GCC_WARN_UNUSED_FUNCTION = YES;
				GCC_WARN_UNUSED_VARIABLE = YES;
				IPHONEOS_DEPLOYMENT_TARGET = 12.4;
				MTL_ENABLE_DEBUG_INFO = INCLUDE_SOURCE;
				MTL_FAST_MATH = YES;
				ONLY_ACTIVE_ARCH = YES;
				SDKROOT = iphoneos;
				SWIFT_ACTIVE_COMPILATION_CONDITIONS = DEBUG;
				SWIFT_OPTIMIZATION_LEVEL = "-Onone";
			};
			name = Debug;
		};
		343B6B372309D7AD00011E33 /* Release */ = {
			isa = XCBuildConfiguration;
			buildSettings = {
				ALWAYS_SEARCH_USER_PATHS = NO;
				CLANG_ANALYZER_NONNULL = YES;
				CLANG_ANALYZER_NUMBER_OBJECT_CONVERSION = YES_AGGRESSIVE;
				CLANG_CXX_LANGUAGE_STANDARD = "gnu++14";
				CLANG_CXX_LIBRARY = "libc++";
				CLANG_ENABLE_MODULES = YES;
				CLANG_ENABLE_OBJC_ARC = YES;
				CLANG_ENABLE_OBJC_WEAK = YES;
				CLANG_WARN_BLOCK_CAPTURE_AUTORELEASING = YES;
				CLANG_WARN_BOOL_CONVERSION = YES;
				CLANG_WARN_COMMA = YES;
				CLANG_WARN_CONSTANT_CONVERSION = YES;
				CLANG_WARN_DEPRECATED_OBJC_IMPLEMENTATIONS = YES;
				CLANG_WARN_DIRECT_OBJC_ISA_USAGE = YES_ERROR;
				CLANG_WARN_DOCUMENTATION_COMMENTS = YES;
				CLANG_WARN_EMPTY_BODY = YES;
				CLANG_WARN_ENUM_CONVERSION = YES;
				CLANG_WARN_INFINITE_RECURSION = YES;
				CLANG_WARN_INT_CONVERSION = YES;
				CLANG_WARN_NON_LITERAL_NULL_CONVERSION = YES;
				CLANG_WARN_OBJC_IMPLICIT_RETAIN_SELF = YES;
				CLANG_WARN_OBJC_LITERAL_CONVERSION = YES;
				CLANG_WARN_OBJC_ROOT_CLASS = YES_ERROR;
				CLANG_WARN_RANGE_LOOP_ANALYSIS = YES;
				CLANG_WARN_STRICT_PROTOTYPES = YES;
				CLANG_WARN_SUSPICIOUS_MOVE = YES;
				CLANG_WARN_UNGUARDED_AVAILABILITY = YES_AGGRESSIVE;
				CLANG_WARN_UNREACHABLE_CODE = YES;
				CLANG_WARN__DUPLICATE_METHOD_MATCH = YES;
				CODE_SIGN_IDENTITY = "iPhone Developer";
				COPY_PHASE_STRIP = NO;
				DEBUG_INFORMATION_FORMAT = "dwarf-with-dsym";
				ENABLE_NS_ASSERTIONS = NO;
				ENABLE_STRICT_OBJC_MSGSEND = YES;
				GCC_C_LANGUAGE_STANDARD = gnu11;
				GCC_NO_COMMON_BLOCKS = YES;
				GCC_WARN_64_TO_32_BIT_CONVERSION = YES;
				GCC_WARN_ABOUT_RETURN_TYPE = YES_ERROR;
				GCC_WARN_UNDECLARED_SELECTOR = YES;
				GCC_WARN_UNINITIALIZED_AUTOS = YES_AGGRESSIVE;
				GCC_WARN_UNUSED_FUNCTION = YES;
				GCC_WARN_UNUSED_VARIABLE = YES;
				IPHONEOS_DEPLOYMENT_TARGET = 12.4;
				MTL_ENABLE_DEBUG_INFO = NO;
				MTL_FAST_MATH = YES;
				SDKROOT = iphoneos;
				SWIFT_COMPILATION_MODE = wholemodule;
				SWIFT_OPTIMIZATION_LEVEL = "-O";
				VALIDATE_PRODUCT = YES;
			};
			name = Release;
		};
		343B6B392309D7AD00011E33 /* Debug */ = {
			isa = XCBuildConfiguration;
			buildSettings = {
				ASSETCATALOG_COMPILER_APPICON_NAME = AppIcon;
				CODE_SIGN_STYLE = Automatic;
				DEVELOPMENT_TEAM = 2SS9AYZ8LT;
				INFOPLIST_FILE = CardSwipeSamples/Info.plist;
				LD_RUNPATH_SEARCH_PATHS = (
					"$(inherited)",
					"@executable_path/Frameworks",
				);
				PRODUCT_BUNDLE_IDENTIFIER = com.dillonmcelhinney.CardSwipeSamples;
				PRODUCT_NAME = "$(TARGET_NAME)";
				SWIFT_VERSION = 5.0;
				TARGETED_DEVICE_FAMILY = "1,2";
			};
			name = Debug;
		};
		343B6B3A2309D7AD00011E33 /* Release */ = {
			isa = XCBuildConfiguration;
			buildSettings = {
				ASSETCATALOG_COMPILER_APPICON_NAME = AppIcon;
				CODE_SIGN_STYLE = Automatic;
				DEVELOPMENT_TEAM = 2SS9AYZ8LT;
				INFOPLIST_FILE = CardSwipeSamples/Info.plist;
				LD_RUNPATH_SEARCH_PATHS = (
					"$(inherited)",
					"@executable_path/Frameworks",
				);
				PRODUCT_BUNDLE_IDENTIFIER = com.dillonmcelhinney.CardSwipeSamples;
				PRODUCT_NAME = "$(TARGET_NAME)";
				SWIFT_VERSION = 5.0;
				TARGETED_DEVICE_FAMILY = "1,2";
			};
			name = Release;
		};
/* End XCBuildConfiguration section */

/* Begin XCConfigurationList section */
		343B6B212309D7AC00011E33 /* Build configuration list for PBXProject "CardSwipeSamples" */ = {
			isa = XCConfigurationList;
			buildConfigurations = (
				343B6B362309D7AD00011E33 /* Debug */,
				343B6B372309D7AD00011E33 /* Release */,
			);
			defaultConfigurationIsVisible = 0;
			defaultConfigurationName = Release;
		};
		343B6B382309D7AD00011E33 /* Build configuration list for PBXNativeTarget "CardSwipeSamples" */ = {
			isa = XCConfigurationList;
			buildConfigurations = (
				343B6B392309D7AD00011E33 /* Debug */,
				343B6B3A2309D7AD00011E33 /* Release */,
			);
			defaultConfigurationIsVisible = 0;
			defaultConfigurationName = Release;
		};
/* End XCConfigurationList section */
	};
	rootObject = 343B6B1E2309D7AC00011E33 /* Project object */;
}
